
Microsoft Visual Studio Solution File, Format Version 12.00
# Visual Studio Version 17
VisualStudioVersion = 17.4.33213.308
MinimumVisualStudioVersion = 10.0.40219.1
Project("{FAE04EC0-301F-11D3-BF4B-00C04F79EFBC}") = "FortRating", "FortRating\FortRating.csproj", "{DD39D113-D4D0-4457-B8F9-E408389F61BE}"
EndProject
Global
	GlobalSection(SolutionConfigurationPlatforms) = preSolution
		Debug|Any CPU = Debug|Any CPU
		Release|Any CPU = Release|Any CPU
	EndGlobalSection
	GlobalSection(ProjectConfigurationPlatforms) = postSolution
		{DD39D113-D4D0-4457-B8F9-E408389F61BE}.Debug|Any CPU.ActiveCfg = Debug|Any CPU
		{DD39D113-D4D0-4457-B8F9-E408389F61BE}.Debug|Any CPU.Build.0 = Debug|Any CPU
		{DD39D113-D4D0-4457-B8F9-E408389F61BE}.Release|Any CPU.ActiveCfg = Release|Any CPU
		{DD39D113-D4D0-4457-B8F9-E408389F61BE}.Release|Any CPU.Build.0 = Release|Any CPU
	EndGlobalSection
	GlobalSection(SolutionProperties) = preSolution
		HideSolutionNode = FALSE
	EndGlobalSection
	GlobalSection(ExtensibilityGlobals) = postSolution
		SolutionGuid = {E3D91F85-48C0-4CFC-95D3-DF0F84709155}
	EndGlobalSection
EndGlobal
